
Microsoft Visual Studio Solution File, Format Version 12.00
# Visual Studio Version 16
VisualStudioVersion = 16.0.30503.244
MinimumVisualStudioVersion = 10.0.40219.1
Project("{FAE04EC0-301F-11D3-BF4B-00C04F79EFBC}") = "MVXDemo.Core", "MVXDemo.Core\MVXDemo.Core.csproj", "{1704D8EF-3924-452F-AE2A-8D8AF340EA8A}"
EndProject
Project("{FAE04EC0-301F-11D3-BF4B-00C04F79EFBC}") = "MVXDemo.WPF", "MVXDemo.WPF\MVXDemo.WPF.csproj", "{835D9B22-AB27-434C-A4B2-76440D2FFA4F}"
EndProject
Global
	GlobalSection(SolutionConfigurationPlatforms) = preSolution
		Debug|Any CPU = Debug|Any CPU
		Release|Any CPU = Release|Any CPU
	EndGlobalSection
	GlobalSection(ProjectConfigurationPlatforms) = postSolution
		{1704D8EF-3924-452F-AE2A-8D8AF340EA8A}.Debug|Any CPU.ActiveCfg = Debug|Any CPU
		{1704D8EF-3924-452F-AE2A-8D8AF340EA8A}.Debug|Any CPU.Build.0 = Debug|Any CPU
		{1704D8EF-3924-452F-AE2A-8D8AF340EA8A}.Release|Any CPU.ActiveCfg = Release|Any CPU
		{1704D8EF-3924-452F-AE2A-8D8AF340EA8A}.Release|Any CPU.Build.0 = Release|Any CPU
		{835D9B22-AB27-434C-A4B2-76440D2FFA4F}.Debug|Any CPU.ActiveCfg = Debug|Any CPU
		{835D9B22-AB27-434C-A4B2-76440D2FFA4F}.Debug|Any CPU.Build.0 = Debug|Any CPU
		{835D9B22-AB27-434C-A4B2-76440D2FFA4F}.Release|Any CPU.ActiveCfg = Release|Any CPU
		{835D9B22-AB27-434C-A4B2-76440D2FFA4F}.Release|Any CPU.Build.0 = Release|Any CPU
	EndGlobalSection
	GlobalSection(SolutionProperties) = preSolution
		HideSolutionNode = FALSE
	EndGlobalSection
	GlobalSection(ExtensibilityGlobals) = postSolution
		SolutionGuid = {1CD213F0-EF66-4A15-8723-B07F82AD6DFF}
	EndGlobalSection
EndGlobal
